
Microsoft Visual Studio Solution File, Format Version 12.00
# Visual Studio Version 16
VisualStudioVersion = 16.0.32413.511
MinimumVisualStudioVersion = 10.0.40219.1
Project("{FAE04EC0-301F-11D3-BF4B-00C04F79EFBC}") = "Minimum Cost Tree From Leaf Values", "Minimum Cost Tree From Leaf Values\Minimum Cost Tree From Leaf Values.csproj", "{2765DC75-97EC-4E7E-A849-91A0955EC3A2}"
EndProject
Global
	GlobalSection(SolutionConfigurationPlatforms) = preSolution
		Debug|Any CPU = Debug|Any CPU
		Release|Any CPU = Release|Any CPU
	EndGlobalSection
	GlobalSection(ProjectConfigurationPlatforms) = postSolution
		{2765DC75-97EC-4E7E-A849-91A0955EC3A2}.Debug|Any CPU.ActiveCfg = Debug|Any CPU
		{2765DC75-97EC-4E7E-A849-91A0955EC3A2}.Debug|Any CPU.Build.0 = Debug|Any CPU
		{2765DC75-97EC-4E7E-A849-91A0955EC3A2}.Release|Any CPU.ActiveCfg = Release|Any CPU
		{2765DC75-97EC-4E7E-A849-91A0955EC3A2}.Release|Any CPU.Build.0 = Release|Any CPU
	EndGlobalSection
	GlobalSection(SolutionProperties) = preSolution
		HideSolutionNode = FALSE
	EndGlobalSection
	GlobalSection(ExtensibilityGlobals) = postSolution
		SolutionGuid = {73E6BE4B-35D9-4854-B5DF-BB22350BFF52}
	EndGlobalSection
EndGlobal
